
Microsoft Visual Studio Solution File, Format Version 12.00
# Visual Studio Version 17
VisualStudioVersion = 17.9.34723.18
MinimumVisualStudioVersion = 10.0.40219.1
Project("{FAE04EC0-301F-11D3-BF4B-00C04F79EFBC}") = "KiemTraGiuaKy", "KiemTraGiuaKy.csproj", "{B77702AA-D3D9-4334-AF81-187821E1B10B}"
EndProject
Global
	GlobalSection(SolutionConfigurationPlatforms) = preSolution
		Debug|Any CPU = Debug|Any CPU
		Release|Any CPU = Release|Any CPU
	EndGlobalSection
	GlobalSection(ProjectConfigurationPlatforms) = postSolution
		{B77702AA-D3D9-4334-AF81-187821E1B10B}.Debug|Any CPU.ActiveCfg = Debug|Any CPU
		{B77702AA-D3D9-4334-AF81-187821E1B10B}.Debug|Any CPU.Build.0 = Debug|Any CPU
		{B77702AA-D3D9-4334-AF81-187821E1B10B}.Release|Any CPU.ActiveCfg = Release|Any CPU
		{B77702AA-D3D9-4334-AF81-187821E1B10B}.Release|Any CPU.Build.0 = Release|Any CPU
	EndGlobalSection
	GlobalSection(SolutionProperties) = preSolution
		HideSolutionNode = FALSE
	EndGlobalSection
	GlobalSection(ExtensibilityGlobals) = postSolution
		SolutionGuid = {50887004-8810-43C4-94C3-4EF0F5FB24C9}
	EndGlobalSection
EndGlobal
